
Microsoft Visual Studio Solution File, Format Version 12.00
# Visual Studio Version 17
VisualStudioVersion = 17.3.32825.248
MinimumVisualStudioVersion = 10.0.40219.1
Project("{9A19103F-16F7-4668-BE54-9A1E7A4F7556}") = "Entities", "Entities\Entities.csproj", "{4459FDC5-42FC-457D-A662-AE86A96B9E4C}"
EndProject
Project("{9A19103F-16F7-4668-BE54-9A1E7A4F7556}") = "Core", "Core\Core.csproj", "{5FD14743-0DA2-40B6-9A73-32A4B7F0EFC7}"
EndProject
Project("{9A19103F-16F7-4668-BE54-9A1E7A4F7556}") = "DataAccess", "DataAccess\DataAccess.csproj", "{46DF6E78-E5D3-43F7-89C9-9BAE2323D07B}"
EndProject
Project("{9A19103F-16F7-4668-BE54-9A1E7A4F7556}") = "Business", "Business\Business.csproj", "{F41B2623-AF3A-484B-9AAA-D51DE875BAF3}"
EndProject
Project("{FAE04EC0-301F-11D3-BF4B-00C04F79EFBC}") = "WebAPI", "WebAPII\WebAPI.csproj", "{123634A1-28EC-49B1-A225-59100277890C}"
EndProject
Global
	GlobalSection(SolutionConfigurationPlatforms) = preSolution
		Debug|Any CPU = Debug|Any CPU
		Release|Any CPU = Release|Any CPU
	EndGlobalSection
	GlobalSection(ProjectConfigurationPlatforms) = postSolution
		{4459FDC5-42FC-457D-A662-AE86A96B9E4C}.Debug|Any CPU.ActiveCfg = Debug|Any CPU
		{4459FDC5-42FC-457D-A662-AE86A96B9E4C}.Debug|Any CPU.Build.0 = Debug|Any CPU
		{4459FDC5-42FC-457D-A662-AE86A96B9E4C}.Release|Any CPU.ActiveCfg = Release|Any CPU
		{4459FDC5-42FC-457D-A662-AE86A96B9E4C}.Release|Any CPU.Build.0 = Release|Any CPU
		{5FD14743-0DA2-40B6-9A73-32A4B7F0EFC7}.Debug|Any CPU.ActiveCfg = Debug|Any CPU
		{5FD14743-0DA2-40B6-9A73-32A4B7F0EFC7}.Debug|Any CPU.Build.0 = Debug|Any CPU
		{5FD14743-0DA2-40B6-9A73-32A4B7F0EFC7}.Release|Any CPU.ActiveCfg = Release|Any CPU
		{5FD14743-0DA2-40B6-9A73-32A4B7F0EFC7}.Release|Any CPU.Build.0 = Release|Any CPU
		{46DF6E78-E5D3-43F7-89C9-9BAE2323D07B}.Debug|Any CPU.ActiveCfg = Debug|Any CPU
		{46DF6E78-E5D3-43F7-89C9-9BAE2323D07B}.Debug|Any CPU.Build.0 = Debug|Any CPU
		{46DF6E78-E5D3-43F7-89C9-9BAE2323D07B}.Release|Any CPU.ActiveCfg = Release|Any CPU
		{46DF6E78-E5D3-43F7-89C9-9BAE2323D07B}.Release|Any CPU.Build.0 = Release|Any CPU
		{F41B2623-AF3A-484B-9AAA-D51DE875BAF3}.Debug|Any CPU.ActiveCfg = Debug|Any CPU
		{F41B2623-AF3A-484B-9AAA-D51DE875BAF3}.Debug|Any CPU.Build.0 = Debug|Any CPU
		{F41B2623-AF3A-484B-9AAA-D51DE875BAF3}.Release|Any CPU.ActiveCfg = Release|Any CPU
		{F41B2623-AF3A-484B-9AAA-D51DE875BAF3}.Release|Any CPU.Build.0 = Release|Any CPU
		{123634A1-28EC-49B1-A225-59100277890C}.Debug|Any CPU.ActiveCfg = Debug|Any CPU
		{123634A1-28EC-49B1-A225-59100277890C}.Debug|Any CPU.Build.0 = Debug|Any CPU
		{123634A1-28EC-49B1-A225-59100277890C}.Release|Any CPU.ActiveCfg = Release|Any CPU
		{123634A1-28EC-49B1-A225-59100277890C}.Release|Any CPU.Build.0 = Release|Any CPU
	EndGlobalSection
	GlobalSection(SolutionProperties) = preSolution
		HideSolutionNode = FALSE
	EndGlobalSection
	GlobalSection(ExtensibilityGlobals) = postSolution
		SolutionGuid = {78DDA873-276D-4526-AB47-D644054A8FD9}
	EndGlobalSection
EndGlobal
